
Microsoft Visual Studio Solution File, Format Version 12.00
# Visual Studio Version 17
VisualStudioVersion = 17.7.34031.279
MinimumVisualStudioVersion = 10.0.40219.1
Project("{9A19103F-16F7-4668-BE54-9A1E7A4F7556}") = "JourneyHub.Api", "JourneyHub.Api.csproj", "{DB04F932-5A70-4586-A59F-CE03A57CB98A}"
EndProject
Project("{FAE04EC0-301F-11D3-BF4B-00C04F79EFBC}") = "JourneyHub.Common", "..\JourneyHub.Common\JourneyHub.Common.csproj", "{498D346E-A2D9-4A12-94B1-6CE9B5D93880}"
EndProject
Global
	GlobalSection(SolutionConfigurationPlatforms) = preSolution
		Debug|Any CPU = Debug|Any CPU
		Release|Any CPU = Release|Any CPU
	EndGlobalSection
	GlobalSection(ProjectConfigurationPlatforms) = postSolution
		{DB04F932-5A70-4586-A59F-CE03A57CB98A}.Debug|Any CPU.ActiveCfg = Debug|Any CPU
		{DB04F932-5A70-4586-A59F-CE03A57CB98A}.Debug|Any CPU.Build.0 = Debug|Any CPU
		{DB04F932-5A70-4586-A59F-CE03A57CB98A}.Release|Any CPU.ActiveCfg = Release|Any CPU
		{DB04F932-5A70-4586-A59F-CE03A57CB98A}.Release|Any CPU.Build.0 = Release|Any CPU
		{498D346E-A2D9-4A12-94B1-6CE9B5D93880}.Debug|Any CPU.ActiveCfg = Debug|Any CPU
		{498D346E-A2D9-4A12-94B1-6CE9B5D93880}.Debug|Any CPU.Build.0 = Debug|Any CPU
		{498D346E-A2D9-4A12-94B1-6CE9B5D93880}.Release|Any CPU.ActiveCfg = Release|Any CPU
		{498D346E-A2D9-4A12-94B1-6CE9B5D93880}.Release|Any CPU.Build.0 = Release|Any CPU
	EndGlobalSection
	GlobalSection(SolutionProperties) = preSolution
		HideSolutionNode = FALSE
	EndGlobalSection
	GlobalSection(ExtensibilityGlobals) = postSolution
		SolutionGuid = {4FCD5A27-8AA6-4301-99CA-6558C970B92E}
	EndGlobalSection
EndGlobal
